// !$*UTF8*$!
{
	archiveVersion = 1;
	classes = {
	};
	objectVersion = 46;
	objects = {

/* Begin PBXBuildFile section */
		7D0A2A091E9452E100637568 /* LevelSettings.cpp in Sources */ = {isa = PBXBuildFile; fileRef = 7D0A2A071E9452E100637568 /* LevelSettings.cpp */; };
		7D11675C1EAD7D8E00098A21 /* MovieOMXPlayer.cpp in Sources */ = {isa = PBXBuildFile; fileRef = 7D11675A1EAD7D8E00098A21 /* MovieOMXPlayer.cpp */; };
		7D42A3BE1E78C9C80097B54C /* InputIntensity.cpp in Sources */ = {isa = PBXBuildFile; fileRef = 7D42A3BC1E78C9C80097B54C /* InputIntensity.cpp */; };
		7D42EEE21EA2E98600383C3C /* AutoFlickerInputFactory.cpp in Sources */ = {isa = PBXBuildFile; fileRef = 7D42EEE01EA2E98600383C3C /* AutoFlickerInputFactory.cpp */; };
		7D42EEE41EA2F45100383C3C /* DataInputFactory.cpp in Sources */ = {isa = PBXBuildFile; fileRef = 7D42EEE31EA2F45100383C3C /* DataInputFactory.cpp */; };
		7D42EEE71EA2F6BB00383C3C /* ArduinoInputFactory.cpp in Sources */ = {isa = PBXBuildFile; fileRef = 7D42EEE51EA2F6BB00383C3C /* ArduinoInputFactory.cpp */; };
		7D42EEED1EA305DD00383C3C /* Config.cpp in Sources */ = {isa = PBXBuildFile; fileRef = 7D42EEEB1EA305DD00383C3C /* Config.cpp */; };
		7D42EEF11EA315DF00383C3C /* GeneralSettings.cpp in Sources */ = {isa = PBXBuildFile; fileRef = 7D42EEEF1EA315DF00383C3C /* GeneralSettings.cpp */; };
		7D4C8CA41EAD7212009076C4 /* MovieOfVideoPlayer.cpp in Sources */ = {isa = PBXBuildFile; fileRef = 7D4C8CA21EAD7212009076C4 /* MovieOfVideoPlayer.cpp */; };
		7D4C8CA71EAD7619009076C4 /* MovieFactory.cpp in Sources */ = {isa = PBXBuildFile; fileRef = 7D4C8CA51EAD7619009076C4 /* MovieFactory.cpp */; };
		7D58DF111EA286AC00BDFA7F /* MouseInput.cpp in Sources */ = {isa = PBXBuildFile; fileRef = 7D58DF0F1EA286AC00BDFA7F /* MouseInput.cpp */; };
		7D60A9121E9961F3009FF4F2 /* MultiInput.cpp in Sources */ = {isa = PBXBuildFile; fileRef = 7D60A9101E9961F3009FF4F2 /* MultiInput.cpp */; };
		7D64097F1EB60DB7003C9903 /* Arduino.cpp in Sources */ = {isa = PBXBuildFile; fileRef = 7D64097D1EB60DB7003C9903 /* Arduino.cpp */; };
		7D65E7B81EB4E5F40087018A /* Thresholds.cpp in Sources */ = {isa = PBXBuildFile; fileRef = 7D65E7B71EB4E5F40087018A /* Thresholds.cpp */; };
		7D65E7BF1EB4FA950087018A /* HistorySettings.cpp in Sources */ = {isa = PBXBuildFile; fileRef = 7D65E7BE1EB4FA950087018A /* HistorySettings.cpp */; };
		7D7245AE1E7DA83F006E5653 /* Clip.cpp in Sources */ = {isa = PBXBuildFile; fileRef = 7D7245AC1E7DA83F006E5653 /* Clip.cpp */; };
		7DA246DA1EABB5000077EB85 /* MouseInputFactory.cpp in Sources */ = {isa = PBXBuildFile; fileRef = 7DA246D91EABB5000077EB85 /* MouseInputFactory.cpp */; };
		7DA246DC1EABBAB70077EB85 /* CalibrationSettings.cpp in Sources */ = {isa = PBXBuildFile; fileRef = 7DA246DB1EABBAB70077EB85 /* CalibrationSettings.cpp */; };
		7DAA8B4B1E77665F005385DD /* CandleApp.cpp in Sources */ = {isa = PBXBuildFile; fileRef = 7DAA8B491E77665F005385DD /* CandleApp.cpp */; };
		7DAA8B4F1E7767C6005385DD /* Util.cpp in Sources */ = {isa = PBXBuildFile; fileRef = 7DAA8B4D1E7767C6005385DD /* Util.cpp */; };
		7DAA8B581E776875005385DD /* InfoLayer.cpp in Sources */ = {isa = PBXBuildFile; fileRef = 7DAA8B561E776875005385DD /* InfoLayer.cpp */; };
		7DAA8B5C1E776AD4005385DD /* ClipLayer.cpp in Sources */ = {isa = PBXBuildFile; fileRef = 7DAA8B5A1E776AD4005385DD /* ClipLayer.cpp */; };
		7DAA8B611E776C62005385DD /* Clips.cpp in Sources */ = {isa = PBXBuildFile; fileRef = 7DAA8B5F1E776C62005385DD /* Clips.cpp */; };
		7DABC4181E9AB847006BEB5F /* ValueInput.cpp in Sources */ = {isa = PBXBuildFile; fileRef = 7DABC4171E9AB847006BEB5F /* ValueInput.cpp */; };
		7DB3F7DB1E8DD1C90025498A /* SystemInfo.cpp in Sources */ = {isa = PBXBuildFile; fileRef = 7DB3F7D91E8DD1C90025498A /* SystemInfo.cpp */; };
		7DB90EF61E7B4885000978EC /* ClipLayers.cpp in Sources */ = {isa = PBXBuildFile; fileRef = 7DB90EF41E7B4885000978EC /* ClipLayers.cpp */; };
		7DB90EF91E7B4D16000978EC /* ArduinoInput.cpp in Sources */ = {isa = PBXBuildFile; fileRef = 7DB90EF71E7B4D16000978EC /* ArduinoInput.cpp */; };
		7DB90EFF1E7B5D32000978EC /* KeyboardInput.cpp in Sources */ = {isa = PBXBuildFile; fileRef = 7DB90EFD1E7B5D32000978EC /* KeyboardInput.cpp */; };
		7DB90F051E7B6799000978EC /* AutoFlickerInput.cpp in Sources */ = {isa = PBXBuildFile; fileRef = 7DB90F031E7B6799000978EC /* AutoFlickerInput.cpp */; };
		7DB94A611EB14CF1008ADD74 /* CalibratedValueInput.cpp in Sources */ = {isa = PBXBuildFile; fileRef = 7DB94A5F1EB14CF1008ADD74 /* CalibratedValueInput.cpp */; };
		7DB94A6B1EB170F4008ADD74 /* ThresholdsDataInputFactory.cpp in Sources */ = {isa = PBXBuildFile; fileRef = 7DB94A691EB170F4008ADD74 /* ThresholdsDataInputFactory.cpp */; };
		7DB94A6D1EB1F7BE008ADD74 /* Layer.cpp in Sources */ = {isa = PBXBuildFile; fileRef = 7DB94A6C1EB1F7BE008ADD74 /* Layer.cpp */; };
		7DE285411EB00CE1005C3777 /* ValueHistories.cpp in Sources */ = {isa = PBXBuildFile; fileRef = 7DE2853F1EB00CE1005C3777 /* ValueHistories.cpp */; };
		7DE285441EB01506005C3777 /* ValueHistoriesLayer.cpp in Sources */ = {isa = PBXBuildFile; fileRef = 7DE285421EB01506005C3777 /* ValueHistoriesLayer.cpp */; };
		7DE2854A1EB021D8005C3777 /* ValueHistory.cpp in Sources */ = {isa = PBXBuildFile; fileRef = 7DE285481EB021D8005C3777 /* ValueHistory.cpp */; };
		7DFE1C381E79D14B003ECE97 /* Levels.cpp in Sources */ = {isa = PBXBuildFile; fileRef = 7DFE1C361E79D14B003ECE97 /* Levels.cpp */; };
		E4328149138ABC9F0047C5CB /* openFrameworksDebug.a in Frameworks */ = {isa = PBXBuildFile; fileRef = E4328148138ABC890047C5CB /* openFrameworksDebug.a */; };
		E4B69E200A3A1BDC003C02F2 /* main.cpp in Sources */ = {isa = PBXBuildFile; fileRef = E4B69E1D0A3A1BDC003C02F2 /* main.cpp */; };
/* End PBXBuildFile section */

/* Begin PBXContainerItemProxy section */
		E4328147138ABC890047C5CB /* PBXContainerItemProxy */ = {
			isa = PBXContainerItemProxy;
			containerPortal = E4328143138ABC890047C5CB /* openFrameworksLib.xcodeproj */;
			proxyType = 2;
			remoteGlobalIDString = E4B27C1510CBEB8E00536013;
			remoteInfo = openFrameworks;
		};
		E4EEB9AB138B136A00A80321 /* PBXContainerItemProxy */ = {
			isa = PBXContainerItemProxy;
			containerPortal = E4328143138ABC890047C5CB /* openFrameworksLib.xcodeproj */;
			proxyType = 1;
			remoteGlobalIDString = E4B27C1410CBEB8E00536013;
			remoteInfo = openFrameworks;
		};
/* End PBXContainerItemProxy section */

/* Begin PBXCopyFilesBuildPhase section */
		E4C2427710CC5ABF004149E2 /* CopyFiles */ = {
			isa = PBXCopyFilesBuildPhase;
			buildActionMask = 2147483647;
			dstPath = "";
			dstSubfolderSpec = 10;
			files = (
			);
			runOnlyForDeploymentPostprocessing = 0;
		};
/* End PBXCopyFilesBuildPhase section */

/* Begin PBXFileReference section */
		6290DD7C0336EC3E3EE6CA56 /* tinyxmlparser.cpp */ = {isa = PBXFileReference; explicitFileType = sourcecode.cpp.cpp; fileEncoding = 30; name = tinyxmlparser.cpp; path = ../../of_v0.9.8_osx_release/addons/ofxXmlSettings/libs/tinyxmlparser.cpp; sourceTree = SOURCE_ROOT; };
		7D0A2A071E9452E100637568 /* LevelSettings.cpp */ = {isa = PBXFileReference; fileEncoding = 4; lastKnownFileType = sourcecode.cpp.cpp; path = LevelSettings.cpp; sourceTree = "<group>"; };
		7D0A2A081E9452E100637568 /* LevelSettings.h */ = {isa = PBXFileReference; fileEncoding = 4; lastKnownFileType = sourcecode.c.h; path = LevelSettings.h; sourceTree = "<group>"; };
		7D11675A1EAD7D8E00098A21 /* MovieOMXPlayer.cpp */ = {isa = PBXFileReference; fileEncoding = 4; lastKnownFileType = sourcecode.cpp.cpp; path = MovieOMXPlayer.cpp; sourceTree = "<group>"; };
		7D11675B1EAD7D8E00098A21 /* MovieOMXPlayer.h */ = {isa = PBXFileReference; fileEncoding = 4; lastKnownFileType = sourcecode.c.h; path = MovieOMXPlayer.h; sourceTree = "<group>"; };
		7D42A3B31E78BAA60097B54C /* DataInput.h */ = {isa = PBXFileReference; lastKnownFileType = sourcecode.c.h; path = DataInput.h; sourceTree = "<group>"; };
		7D42A3BC1E78C9C80097B54C /* InputIntensity.cpp */ = {isa = PBXFileReference; fileEncoding = 4; lastKnownFileType = sourcecode.cpp.cpp; path = InputIntensity.cpp; sourceTree = "<group>"; };
		7D42A3BD1E78C9C80097B54C /* InputIntensity.h */ = {isa = PBXFileReference; fileEncoding = 4; lastKnownFileType = sourcecode.c.h; path = InputIntensity.h; sourceTree = "<group>"; };
		7D42EED71EA2BC3000383C3C /* DataInputFactory.h */ = {isa = PBXFileReference; fileEncoding = 4; lastKnownFileType = sourcecode.c.h; path = DataInputFactory.h; sourceTree = "<group>"; };
		7D42EEDB1EA2E82800383C3C /* KeyboardInputFactory.h */ = {isa = PBXFileReference; fileEncoding = 4; lastKnownFileType = sourcecode.c.h; path = KeyboardInputFactory.h; sourceTree = "<group>"; };
		7D42EEDE1EA2E93C00383C3C /* MouseInputFactory.h */ = {isa = PBXFileReference; fileEncoding = 4; lastKnownFileType = sourcecode.c.h; path = MouseInputFactory.h; sourceTree = "<group>"; };
		7D42EEE01EA2E98600383C3C /* AutoFlickerInputFactory.cpp */ = {isa = PBXFileReference; fileEncoding = 4; lastKnownFileType = sourcecode.cpp.cpp; path = AutoFlickerInputFactory.cpp; sourceTree = "<group>"; };
		7D42EEE11EA2E98600383C3C /* AutoFlickerInputFactory.h */ = {isa = PBXFileReference; fileEncoding = 4; lastKnownFileType = sourcecode.c.h; path = AutoFlickerInputFactory.h; sourceTree = "<group>"; };
		7D42EEE31EA2F45100383C3C /* DataInputFactory.cpp */ = {isa = PBXFileReference; fileEncoding = 4; lastKnownFileType = sourcecode.cpp.cpp; path = DataInputFactory.cpp; sourceTree = "<group>"; };
		7D42EEE51EA2F6BB00383C3C /* ArduinoInputFactory.cpp */ = {isa = PBXFileReference; fileEncoding = 4; lastKnownFileType = sourcecode.cpp.cpp; path = ArduinoInputFactory.cpp; sourceTree = "<group>"; };
		7D42EEE61EA2F6BB00383C3C /* ArduinoInputFactory.h */ = {isa = PBXFileReference; fileEncoding = 4; lastKnownFileType = sourcecode.c.h; path = ArduinoInputFactory.h; sourceTree = "<group>"; };
		7D42EEEB1EA305DD00383C3C /* Config.cpp */ = {isa = PBXFileReference; fileEncoding = 4; lastKnownFileType = sourcecode.cpp.cpp; path = Config.cpp; sourceTree = "<group>"; };
		7D42EEEC1EA305DD00383C3C /* Config.h */ = {isa = PBXFileReference; fileEncoding = 4; lastKnownFileType = sourcecode.c.h; path = Config.h; sourceTree = "<group>"; };
		7D42EEEF1EA315DF00383C3C /* GeneralSettings.cpp */ = {isa = PBXFileReference; fileEncoding = 4; lastKnownFileType = sourcecode.cpp.cpp; path = GeneralSettings.cpp; sourceTree = "<group>"; };
		7D42EEF01EA315DF00383C3C /* GeneralSettings.h */ = {isa = PBXFileReference; fileEncoding = 4; lastKnownFileType = sourcecode.c.h; path = GeneralSettings.h; sourceTree = "<group>"; };
		7D4C8CA11EAD70A1009076C4 /* IMovie.h */ = {isa = PBXFileReference; lastKnownFileType = sourcecode.c.h; path = IMovie.h; sourceTree = "<group>"; };
		7D4C8CA21EAD7212009076C4 /* MovieOfVideoPlayer.cpp */ = {isa = PBXFileReference; fileEncoding = 4; lastKnownFileType = sourcecode.cpp.cpp; path = MovieOfVideoPlayer.cpp; sourceTree = "<group>"; };
		7D4C8CA31EAD7212009076C4 /* MovieOfVideoPlayer.h */ = {isa = PBXFileReference; fileEncoding = 4; lastKnownFileType = sourcecode.c.h; path = MovieOfVideoPlayer.h; sourceTree = "<group>"; };
		7D4C8CA51EAD7619009076C4 /* MovieFactory.cpp */ = {isa = PBXFileReference; fileEncoding = 4; lastKnownFileType = sourcecode.cpp.cpp; path = MovieFactory.cpp; sourceTree = "<group>"; };
		7D4C8CA61EAD7619009076C4 /* MovieFactory.h */ = {isa = PBXFileReference; fileEncoding = 4; lastKnownFileType = sourcecode.c.h; path = MovieFactory.h; sourceTree = "<group>"; };
		7D5680B41E7F509400B739C3 /* TODO.txt */ = {isa = PBXFileReference; fileEncoding = 4; lastKnownFileType = text; path = TODO.txt; sourceTree = "<group>"; };
		7D58DF0F1EA286AC00BDFA7F /* MouseInput.cpp */ = {isa = PBXFileReference; fileEncoding = 4; lastKnownFileType = sourcecode.cpp.cpp; path = MouseInput.cpp; sourceTree = "<group>"; };
		7D58DF101EA286AC00BDFA7F /* MouseInput.h */ = {isa = PBXFileReference; fileEncoding = 4; lastKnownFileType = sourcecode.c.h; path = MouseInput.h; sourceTree = "<group>"; };
		7D5DA2AF1EAFFC3C00662FB6 /* NameFloatEventArgs.h */ = {isa = PBXFileReference; fileEncoding = 4; lastKnownFileType = sourcecode.c.h; path = NameFloatEventArgs.h; sourceTree = "<group>"; };
		7D60A9101E9961F3009FF4F2 /* MultiInput.cpp */ = {isa = PBXFileReference; fileEncoding = 4; lastKnownFileType = sourcecode.cpp.cpp; path = MultiInput.cpp; sourceTree = "<group>"; };
		7D60A9111E9961F3009FF4F2 /* MultiInput.h */ = {isa = PBXFileReference; fileEncoding = 4; lastKnownFileType = sourcecode.c.h; path = MultiInput.h; sourceTree = "<group>"; };
		7D64097D1EB60DB7003C9903 /* Arduino.cpp */ = {isa = PBXFileReference; fileEncoding = 4; lastKnownFileType = sourcecode.cpp.cpp; path = Arduino.cpp; sourceTree = "<group>"; };
		7D64097E1EB60DB7003C9903 /* Arduino.h */ = {isa = PBXFileReference; fileEncoding = 4; lastKnownFileType = sourcecode.c.h; path = Arduino.h; sourceTree = "<group>"; };
		7D6409801EB6641C003C9903 /* ArduinoSettings.h */ = {isa = PBXFileReference; lastKnownFileType = sourcecode.c.h; path = ArduinoSettings.h; sourceTree = "<group>"; };
		7D65E7B71EB4E5F40087018A /* Thresholds.cpp */ = {isa = PBXFileReference; fileEncoding = 4; lastKnownFileType = sourcecode.cpp.cpp; path = Thresholds.cpp; sourceTree = "<group>"; };
		7D65E7BB1EB4F1850087018A /* HistorySettings.h */ = {isa = PBXFileReference; lastKnownFileType = sourcecode.c.h; path = HistorySettings.h; sourceTree = "<group>"; };
		7D65E7BE1EB4FA950087018A /* HistorySettings.cpp */ = {isa = PBXFileReference; fileEncoding = 4; lastKnownFileType = sourcecode.cpp.cpp; path = HistorySettings.cpp; sourceTree = "<group>"; };
		7D7245AC1E7DA83F006E5653 /* Clip.cpp */ = {isa = PBXFileReference; fileEncoding = 4; lastKnownFileType = sourcecode.cpp.cpp; path = Clip.cpp; sourceTree = "<group>"; };
		7D7245AD1E7DA83F006E5653 /* Clip.h */ = {isa = PBXFileReference; fileEncoding = 4; lastKnownFileType = sourcecode.c.h; path = Clip.h; sourceTree = "<group>"; };
		7D7245B51E7DCDE7006E5653 /* ClipOutputSettings.h */ = {isa = PBXFileReference; fileEncoding = 4; lastKnownFileType = sourcecode.c.h; path = ClipOutputSettings.h; sourceTree = "<group>"; };
		7D7245B91E7E0FDF006E5653 /* Layer.h */ = {isa = PBXFileReference; fileEncoding = 4; lastKnownFileType = sourcecode.c.h; path = Layer.h; sourceTree = "<group>"; };
		7D8B87E01EA5527D00A5201D /* CalibrationSettings.h */ = {isa = PBXFileReference; fileEncoding = 4; lastKnownFileType = sourcecode.c.h; path = CalibrationSettings.h; sourceTree = "<group>"; };
		7D8CC4911E97EA0800730725 /* BlowIntensity.h */ = {isa = PBXFileReference; lastKnownFileType = sourcecode.c.h; path = BlowIntensity.h; sourceTree = "<group>"; };
		7DA246D91EABB5000077EB85 /* MouseInputFactory.cpp */ = {isa = PBXFileReference; fileEncoding = 4; lastKnownFileType = sourcecode.cpp.cpp; path = MouseInputFactory.cpp; sourceTree = "<group>"; };
		7DA246DB1EABBAB70077EB85 /* CalibrationSettings.cpp */ = {isa = PBXFileReference; fileEncoding = 4; lastKnownFileType = sourcecode.cpp.cpp; path = CalibrationSettings.cpp; sourceTree = "<group>"; };
		7DAA8B491E77665F005385DD /* CandleApp.cpp */ = {isa = PBXFileReference; fileEncoding = 4; lastKnownFileType = sourcecode.cpp.cpp; path = CandleApp.cpp; sourceTree = "<group>"; };
		7DAA8B4A1E77665F005385DD /* CandleApp.h */ = {isa = PBXFileReference; fileEncoding = 4; lastKnownFileType = sourcecode.c.h; path = CandleApp.h; sourceTree = "<group>"; };
		7DAA8B4D1E7767C6005385DD /* Util.cpp */ = {isa = PBXFileReference; fileEncoding = 4; lastKnownFileType = sourcecode.cpp.cpp; path = Util.cpp; sourceTree = "<group>"; };
		7DAA8B4E1E7767C6005385DD /* Util.h */ = {isa = PBXFileReference; fileEncoding = 4; lastKnownFileType = sourcecode.c.h; path = Util.h; sourceTree = "<group>"; };
		7DAA8B561E776875005385DD /* InfoLayer.cpp */ = {isa = PBXFileReference; fileEncoding = 4; lastKnownFileType = sourcecode.cpp.cpp; path = InfoLayer.cpp; sourceTree = "<group>"; };
		7DAA8B571E776875005385DD /* InfoLayer.h */ = {isa = PBXFileReference; fileEncoding = 4; lastKnownFileType = sourcecode.c.h; path = InfoLayer.h; sourceTree = "<group>"; };
		7DAA8B5A1E776AD4005385DD /* ClipLayer.cpp */ = {isa = PBXFileReference; fileEncoding = 4; lastKnownFileType = sourcecode.cpp.cpp; path = ClipLayer.cpp; sourceTree = "<group>"; };
		7DAA8B5B1E776AD4005385DD /* ClipLayer.h */ = {isa = PBXFileReference; fileEncoding = 4; lastKnownFileType = sourcecode.c.h; path = ClipLayer.h; sourceTree = "<group>"; };
		7DAA8B5F1E776C62005385DD /* Clips.cpp */ = {isa = PBXFileReference; fileEncoding = 4; lastKnownFileType = sourcecode.cpp.cpp; path = Clips.cpp; sourceTree = "<group>"; };
		7DAA8B601E776C62005385DD /* Clips.h */ = {isa = PBXFileReference; fileEncoding = 4; lastKnownFileType = sourcecode.c.h; path = Clips.h; sourceTree = "<group>"; };
		7DABC4161E9AA759006BEB5F /* ValueInput.h */ = {isa = PBXFileReference; lastKnownFileType = sourcecode.c.h; path = ValueInput.h; sourceTree = "<group>"; };
		7DABC4171E9AB847006BEB5F /* ValueInput.cpp */ = {isa = PBXFileReference; fileEncoding = 4; lastKnownFileType = sourcecode.cpp.cpp; path = ValueInput.cpp; sourceTree = "<group>"; };
		7DB3F7D91E8DD1C90025498A /* SystemInfo.cpp */ = {isa = PBXFileReference; fileEncoding = 4; lastKnownFileType = sourcecode.cpp.cpp; path = SystemInfo.cpp; sourceTree = "<group>"; };
		7DB3F7DA1E8DD1C90025498A /* SystemInfo.h */ = {isa = PBXFileReference; fileEncoding = 4; lastKnownFileType = sourcecode.c.h; path = SystemInfo.h; sourceTree = "<group>"; };
		7DB90EF41E7B4885000978EC /* ClipLayers.cpp */ = {isa = PBXFileReference; fileEncoding = 4; lastKnownFileType = sourcecode.cpp.cpp; path = ClipLayers.cpp; sourceTree = "<group>"; };
		7DB90EF51E7B4885000978EC /* ClipLayers.h */ = {isa = PBXFileReference; fileEncoding = 4; lastKnownFileType = sourcecode.c.h; path = ClipLayers.h; sourceTree = "<group>"; };
		7DB90EF71E7B4D16000978EC /* ArduinoInput.cpp */ = {isa = PBXFileReference; fileEncoding = 4; lastKnownFileType = sourcecode.cpp.cpp; path = ArduinoInput.cpp; sourceTree = "<group>"; };
		7DB90EF81E7B4D16000978EC /* ArduinoInput.h */ = {isa = PBXFileReference; fileEncoding = 4; lastKnownFileType = sourcecode.c.h; path = ArduinoInput.h; sourceTree = "<group>"; };
		7DB90EFD1E7B5D32000978EC /* KeyboardInput.cpp */ = {isa = PBXFileReference; fileEncoding = 4; lastKnownFileType = sourcecode.cpp.cpp; path = KeyboardInput.cpp; sourceTree = "<group>"; };
		7DB90EFE1E7B5D32000978EC /* KeyboardInput.h */ = {isa = PBXFileReference; fileEncoding = 4; lastKnownFileType = sourcecode.c.h; path = KeyboardInput.h; sourceTree = "<group>"; };
		7DB90F031E7B6799000978EC /* AutoFlickerInput.cpp */ = {isa = PBXFileReference; fileEncoding = 4; lastKnownFileType = sourcecode.cpp.cpp; path = AutoFlickerInput.cpp; sourceTree = "<group>"; };
		7DB90F041E7B6799000978EC /* AutoFlickerInput.h */ = {isa = PBXFileReference; fileEncoding = 4; lastKnownFileType = sourcecode.c.h; path = AutoFlickerInput.h; sourceTree = "<group>"; };
		7DB94A5D1EB146D6008ADD74 /* ThresholdsEventArgs.h */ = {isa = PBXFileReference; lastKnownFileType = sourcecode.c.h; path = ThresholdsEventArgs.h; sourceTree = "<group>"; };
		7DB94A5E1EB14754008ADD74 /* Thresholds.h */ = {isa = PBXFileReference; lastKnownFileType = sourcecode.c.h; path = Thresholds.h; sourceTree = "<group>"; };
		7DB94A5F1EB14CF1008ADD74 /* CalibratedValueInput.cpp */ = {isa = PBXFileReference; fileEncoding = 4; lastKnownFileType = sourcecode.cpp.cpp; path = CalibratedValueInput.cpp; sourceTree = "<group>"; };
		7DB94A601EB14CF1008ADD74 /* CalibratedValueInput.h */ = {isa = PBXFileReference; fileEncoding = 4; lastKnownFileType = sourcecode.c.h; path = CalibratedValueInput.h; sourceTree = "<group>"; };
		7DB94A681EB1627B008ADD74 /* ThresholdsDataInput.h */ = {isa = PBXFileReference; lastKnownFileType = sourcecode.c.h; path = ThresholdsDataInput.h; sourceTree = "<group>"; };
		7DB94A691EB170F4008ADD74 /* ThresholdsDataInputFactory.cpp */ = {isa = PBXFileReference; fileEncoding = 4; lastKnownFileType = sourcecode.cpp.cpp; path = ThresholdsDataInputFactory.cpp; sourceTree = "<group>"; };
		7DB94A6A1EB170F4008ADD74 /* ThresholdsDataInputFactory.h */ = {isa = PBXFileReference; fileEncoding = 4; lastKnownFileType = sourcecode.c.h; path = ThresholdsDataInputFactory.h; sourceTree = "<group>"; };
		7DB94A6C1EB1F7BE008ADD74 /* Layer.cpp */ = {isa = PBXFileReference; fileEncoding = 4; lastKnownFileType = sourcecode.cpp.cpp; path = Layer.cpp; sourceTree = "<group>"; };
		7DB94A721EB20853008ADD74 /* LayerSettings.h */ = {isa = PBXFileReference; lastKnownFileType = sourcecode.c.h; path = LayerSettings.h; sourceTree = "<group>"; };
		7DE2853F1EB00CE1005C3777 /* ValueHistories.cpp */ = {isa = PBXFileReference; fileEncoding = 4; lastKnownFileType = sourcecode.cpp.cpp; path = ValueHistories.cpp; sourceTree = "<group>"; };
		7DE285401EB00CE1005C3777 /* ValueHistories.h */ = {isa = PBXFileReference; fileEncoding = 4; lastKnownFileType = sourcecode.c.h; path = ValueHistories.h; sourceTree = "<group>"; };
		7DE285421EB01506005C3777 /* ValueHistoriesLayer.cpp */ = {isa = PBXFileReference; fileEncoding = 4; lastKnownFileType = sourcecode.cpp.cpp; path = ValueHistoriesLayer.cpp; sourceTree = "<group>"; };
		7DE285431EB01506005C3777 /* ValueHistoriesLayer.h */ = {isa = PBXFileReference; fileEncoding = 4; lastKnownFileType = sourcecode.c.h; path = ValueHistoriesLayer.h; sourceTree = "<group>"; };
		7DE285481EB021D8005C3777 /* ValueHistory.cpp */ = {isa = PBXFileReference; fileEncoding = 4; lastKnownFileType = sourcecode.cpp.cpp; path = ValueHistory.cpp; sourceTree = "<group>"; };
		7DE285491EB021D8005C3777 /* ValueHistory.h */ = {isa = PBXFileReference; fileEncoding = 4; lastKnownFileType = sourcecode.c.h; path = ValueHistory.h; sourceTree = "<group>"; };
		7DFE1C351E79CDBE003ECE97 /* ITrace.h */ = {isa = PBXFileReference; lastKnownFileType = sourcecode.c.h; path = ITrace.h; sourceTree = "<group>"; };
		7DFE1C361E79D14B003ECE97 /* Levels.cpp */ = {isa = PBXFileReference; fileEncoding = 4; lastKnownFileType = sourcecode.cpp.cpp; path = Levels.cpp; sourceTree = "<group>"; };
		7DFE1C371E79D14B003ECE97 /* Levels.h */ = {isa = PBXFileReference; fileEncoding = 4; lastKnownFileType = sourcecode.c.h; path = Levels.h; sourceTree = "<group>"; };
		7FA5BD62DF0EFD479C5A1D3E /* tinyxml.h */ = {isa = PBXFileReference; explicitFileType = sourcecode.c.h; fileEncoding = 30; name = tinyxml.h; path = ../../of_v0.9.8_osx_release/addons/ofxXmlSettings/libs/tinyxml.h; sourceTree = SOURCE_ROOT; };
		B99B0AE67CE173DCBA83489C /* tinyxmlerror.cpp */ = {isa = PBXFileReference; explicitFileType = sourcecode.cpp.cpp; fileEncoding = 30; name = tinyxmlerror.cpp; path = ../../of_v0.9.8_osx_release/addons/ofxXmlSettings/libs/tinyxmlerror.cpp; sourceTree = SOURCE_ROOT; };
		D96E592E3792689ADD8D1858 /* ofxXmlSettings.h */ = {isa = PBXFileReference; explicitFileType = sourcecode.c.h; fileEncoding = 30; name = ofxXmlSettings.h; path = ../../of_v0.9.8_osx_release/addons/ofxXmlSettings/src/ofxXmlSettings.h; sourceTree = SOURCE_ROOT; };
		DBD067AB819324DDE5AD1384 /* tinyxml.cpp */ = {isa = PBXFileReference; explicitFileType = sourcecode.cpp.cpp; fileEncoding = 30; name = tinyxml.cpp; path = ../../of_v0.9.8_osx_release/addons/ofxXmlSettings/libs/tinyxml.cpp; sourceTree = SOURCE_ROOT; };
		E4328143138ABC890047C5CB /* openFrameworksLib.xcodeproj */ = {isa = PBXFileReference; lastKnownFileType = "wrapper.pb-project"; name = openFrameworksLib.xcodeproj; path = ../../of_v0.9.8_osx_release/libs/openFrameworksCompiled/project/osx/openFrameworksLib.xcodeproj; sourceTree = SOURCE_ROOT; };
		E4B69B5B0A3A1756003C02F2 /* vela2017Debug.app */ = {isa = PBXFileReference; explicitFileType = wrapper.application; includeInIndex = 0; path = vela2017Debug.app; sourceTree = BUILT_PRODUCTS_DIR; };
		E4B69E1D0A3A1BDC003C02F2 /* main.cpp */ = {isa = PBXFileReference; fileEncoding = 30; lastKnownFileType = sourcecode.cpp.cpp; name = main.cpp; path = src/main.cpp; sourceTree = SOURCE_ROOT; };
		E4B6FCAD0C3E899E008CF71C /* openFrameworks-Info.plist */ = {isa = PBXFileReference; fileEncoding = 30; lastKnownFileType = text.plist.xml; path = "openFrameworks-Info.plist"; sourceTree = "<group>"; };
		E4EB691F138AFCF100A09F29 /* CoreOF.xcconfig */ = {isa = PBXFileReference; fileEncoding = 4; lastKnownFileType = text.xcconfig; name = CoreOF.xcconfig; path = ../../of_v0.9.8_osx_release/libs/openFrameworksCompiled/project/osx/CoreOF.xcconfig; sourceTree = SOURCE_ROOT; };
		E4EB6923138AFD0F00A09F29 /* Project.xcconfig */ = {isa = PBXFileReference; fileEncoding = 4; lastKnownFileType = text.xcconfig; path = Project.xcconfig; sourceTree = "<group>"; };
		F9A033F7A5413E686F440ADA /* ofxXmlSettings.cpp */ = {isa = PBXFileReference; explicitFileType = sourcecode.cpp.cpp; fileEncoding = 30; name = ofxXmlSettings.cpp; path = ../../of_v0.9.8_osx_release/addons/ofxXmlSettings/src/ofxXmlSettings.cpp; sourceTree = SOURCE_ROOT; };
/* End PBXFileReference section */

/* Begin PBXFrameworksBuildPhase section */
		E4B69B590A3A1756003C02F2 /* Frameworks */ = {
			isa = PBXFrameworksBuildPhase;
			buildActionMask = 2147483647;
			files = (
				E4328149138ABC9F0047C5CB /* openFrameworksDebug.a in Frameworks */,
			);
			runOnlyForDeploymentPostprocessing = 0;
		};
/* End PBXFrameworksBuildPhase section */

/* Begin PBXGroup section */
		1F4FB5C423662B96ADFDCC0B /* ofxXmlSettings */ = {
			isa = PBXGroup;
			children = (
				6ECEF0D76BC33727823EADFF /* src */,
				6E54289412D2D94F45A05113 /* libs */,
			);
			name = ofxXmlSettings;
			sourceTree = "<group>";
		};
		6948EE371B920CB800B5AC1A /* local_addons */ = {
			isa = PBXGroup;
			children = (
			);
			name = local_addons;
			sourceTree = "<group>";
		};
		6E54289412D2D94F45A05113 /* libs */ = {
			isa = PBXGroup;
			children = (
				DBD067AB819324DDE5AD1384 /* tinyxml.cpp */,
				7FA5BD62DF0EFD479C5A1D3E /* tinyxml.h */,
				B99B0AE67CE173DCBA83489C /* tinyxmlerror.cpp */,
				6290DD7C0336EC3E3EE6CA56 /* tinyxmlparser.cpp */,
			);
			name = libs;
			sourceTree = "<group>";
		};
		6ECEF0D76BC33727823EADFF /* src */ = {
			isa = PBXGroup;
			children = (
				F9A033F7A5413E686F440ADA /* ofxXmlSettings.cpp */,
				D96E592E3792689ADD8D1858 /* ofxXmlSettings.h */,
			);
			name = src;
			sourceTree = "<group>";
		};
		7D42EEF21EA390CB00383C3C /* inputFactories */ = {
			isa = PBXGroup;
			children = (
				7D42EED71EA2BC3000383C3C /* DataInputFactory.h */,
				7D42EEE31EA2F45100383C3C /* DataInputFactory.cpp */,
				7D42EEDB1EA2E82800383C3C /* KeyboardInputFactory.h */,
				7DA246D91EABB5000077EB85 /* MouseInputFactory.cpp */,
				7D42EEDE1EA2E93C00383C3C /* MouseInputFactory.h */,
				7D42EEE01EA2E98600383C3C /* AutoFlickerInputFactory.cpp */,
				7D42EEE11EA2E98600383C3C /* AutoFlickerInputFactory.h */,
				7D42EEE51EA2F6BB00383C3C /* ArduinoInputFactory.cpp */,
				7D42EEE61EA2F6BB00383C3C /* ArduinoInputFactory.h */,
				7DB94A691EB170F4008ADD74 /* ThresholdsDataInputFactory.cpp */,
				7DB94A6A1EB170F4008ADD74 /* ThresholdsDataInputFactory.h */,
			);
			name = inputFactories;
			sourceTree = "<group>";
		};
		7D7245B71E7DD327006E5653 /* clips */ = {
			isa = PBXGroup;
			children = (
				7D7245AC1E7DA83F006E5653 /* Clip.cpp */,
				7D7245AD1E7DA83F006E5653 /* Clip.h */,
				7DAA8B5F1E776C62005385DD /* Clips.cpp */,
				7DAA8B601E776C62005385DD /* Clips.h */,
				7DFE1C361E79D14B003ECE97 /* Levels.cpp */,
				7DFE1C371E79D14B003ECE97 /* Levels.h */,
				7D7245B51E7DCDE7006E5653 /* ClipOutputSettings.h */,
				7D0A2A071E9452E100637568 /* LevelSettings.cpp */,
				7D0A2A081E9452E100637568 /* LevelSettings.h */,
				7D4C8CA11EAD70A1009076C4 /* IMovie.h */,
				7D4C8CA21EAD7212009076C4 /* MovieOfVideoPlayer.cpp */,
				7D4C8CA31EAD7212009076C4 /* MovieOfVideoPlayer.h */,
				7D11675A1EAD7D8E00098A21 /* MovieOMXPlayer.cpp */,
				7D11675B1EAD7D8E00098A21 /* MovieOMXPlayer.h */,
				7D4C8CA51EAD7619009076C4 /* MovieFactory.cpp */,
				7D4C8CA61EAD7619009076C4 /* MovieFactory.h */,
			);
			name = clips;
			sourceTree = "<group>";
		};
		7DB3F7DC1E8DD8B20025498A /* layers */ = {
			isa = PBXGroup;
			children = (
				7DB94A721EB20853008ADD74 /* LayerSettings.h */,
				7DB94A6C1EB1F7BE008ADD74 /* Layer.cpp */,
				7D7245B91E7E0FDF006E5653 /* Layer.h */,
				7DAA8B5A1E776AD4005385DD /* ClipLayer.cpp */,
				7DAA8B5B1E776AD4005385DD /* ClipLayer.h */,
				7DB90EF41E7B4885000978EC /* ClipLayers.cpp */,
				7DB90EF51E7B4885000978EC /* ClipLayers.h */,
				7DAA8B561E776875005385DD /* InfoLayer.cpp */,
				7DAA8B571E776875005385DD /* InfoLayer.h */,
				7DE285421EB01506005C3777 /* ValueHistoriesLayer.cpp */,
				7DE285431EB01506005C3777 /* ValueHistoriesLayer.h */,
			);
			name = layers;
			sourceTree = "<group>";
		};
		7DB3F7DD1E8DD8F90025498A /* tools */ = {
			isa = PBXGroup;
			children = (
				7DFE1C351E79CDBE003ECE97 /* ITrace.h */,
				7DAA8B4D1E7767C6005385DD /* Util.cpp */,
				7DAA8B4E1E7767C6005385DD /* Util.h */,
				7DB3F7D91E8DD1C90025498A /* SystemInfo.cpp */,
				7DB3F7DA1E8DD1C90025498A /* SystemInfo.h */,
				7D8CC4911E97EA0800730725 /* BlowIntensity.h */,
				7D42EEEB1EA305DD00383C3C /* Config.cpp */,
				7D42EEEC1EA305DD00383C3C /* Config.h */,
				7D42EEEF1EA315DF00383C3C /* GeneralSettings.cpp */,
				7D42EEF01EA315DF00383C3C /* GeneralSettings.h */,
				7DA246DB1EABBAB70077EB85 /* CalibrationSettings.cpp */,
				7D8B87E01EA5527D00A5201D /* CalibrationSettings.h */,
				7D5DA2AF1EAFFC3C00662FB6 /* NameFloatEventArgs.h */,
				7DE2853F1EB00CE1005C3777 /* ValueHistories.cpp */,
				7DE285401EB00CE1005C3777 /* ValueHistories.h */,
				7DE285481EB021D8005C3777 /* ValueHistory.cpp */,
				7DE285491EB021D8005C3777 /* ValueHistory.h */,
				7DB94A5D1EB146D6008ADD74 /* ThresholdsEventArgs.h */,
				7DB94A5E1EB14754008ADD74 /* Thresholds.h */,
				7D65E7B71EB4E5F40087018A /* Thresholds.cpp */,
				7D65E7BB1EB4F1850087018A /* HistorySettings.h */,
				7D65E7BE1EB4FA950087018A /* HistorySettings.cpp */,
				7D64097D1EB60DB7003C9903 /* Arduino.cpp */,
				7D64097E1EB60DB7003C9903 /* Arduino.h */,
				7D6409801EB6641C003C9903 /* ArduinoSettings.h */,
			);
			name = tools;
			sourceTree = "<group>";
		};
		7DB90F061E7B69F4000978EC /* inputs */ = {
			isa = PBXGroup;
			children = (
				7D42A3BD1E78C9C80097B54C /* InputIntensity.h */,
				7D42A3B31E78BAA60097B54C /* DataInput.h */,
				7DB90F031E7B6799000978EC /* AutoFlickerInput.cpp */,
				7DB90F041E7B6799000978EC /* AutoFlickerInput.h */,
				7D60A9101E9961F3009FF4F2 /* MultiInput.cpp */,
				7DB94A681EB1627B008ADD74 /* ThresholdsDataInput.h */,
				7DABC4171E9AB847006BEB5F /* ValueInput.cpp */,
				7DABC4161E9AA759006BEB5F /* ValueInput.h */,
				7DB94A5F1EB14CF1008ADD74 /* CalibratedValueInput.cpp */,
				7DB94A601EB14CF1008ADD74 /* CalibratedValueInput.h */,
				7D58DF0F1EA286AC00BDFA7F /* MouseInput.cpp */,
				7D58DF101EA286AC00BDFA7F /* MouseInput.h */,
				7D60A9111E9961F3009FF4F2 /* MultiInput.h */,
				7D42A3BC1E78C9C80097B54C /* InputIntensity.cpp */,
				7DB90EF71E7B4D16000978EC /* ArduinoInput.cpp */,
				7DB90EF81E7B4D16000978EC /* ArduinoInput.h */,
				7DB90EFD1E7B5D32000978EC /* KeyboardInput.cpp */,
				7DB90EFE1E7B5D32000978EC /* KeyboardInput.h */,
			);
			name = inputs;
			sourceTree = "<group>";
		};
		BB4B014C10F69532006C3DED /* addons */ = {
			isa = PBXGroup;
			children = (
				1F4FB5C423662B96ADFDCC0B /* ofxXmlSettings */,
			);
			name = addons;
			sourceTree = "<group>";
		};
		E4328144138ABC890047C5CB /* Products */ = {
			isa = PBXGroup;
			children = (
				E4328148138ABC890047C5CB /* openFrameworksDebug.a */,
			);
			name = Products;
			sourceTree = "<group>";
		};
		E4B69B4A0A3A1720003C02F2 = {
			isa = PBXGroup;
			children = (
				7D5680B41E7F509400B739C3 /* TODO.txt */,
				E4B6FCAD0C3E899E008CF71C /* openFrameworks-Info.plist */,
				E4EB6923138AFD0F00A09F29 /* Project.xcconfig */,
				E4B69E1C0A3A1BDC003C02F2 /* src */,
				E4EEC9E9138DF44700A80321 /* openFrameworks */,
				BB4B014C10F69532006C3DED /* addons */,
				6948EE371B920CB800B5AC1A /* local_addons */,
				E4B69B5B0A3A1756003C02F2 /* vela2017Debug.app */,
			);
			sourceTree = "<group>";
		};
		E4B69E1C0A3A1BDC003C02F2 /* src */ = {
			isa = PBXGroup;
			children = (
				7DB3F7DD1E8DD8F90025498A /* tools */,
				7DB3F7DC1E8DD8B20025498A /* layers */,
				7DB90F061E7B69F4000978EC /* inputs */,
				7D42EEF21EA390CB00383C3C /* inputFactories */,
				7D7245B71E7DD327006E5653 /* clips */,
				7DAA8B491E77665F005385DD /* CandleApp.cpp */,
				7DAA8B4A1E77665F005385DD /* CandleApp.h */,
				E4B69E1D0A3A1BDC003C02F2 /* main.cpp */,
			);
			path = src;
			sourceTree = SOURCE_ROOT;
		};
		E4EEC9E9138DF44700A80321 /* openFrameworks */ = {
			isa = PBXGroup;
			children = (
				E4EB691F138AFCF100A09F29 /* CoreOF.xcconfig */,
				E4328143138ABC890047C5CB /* openFrameworksLib.xcodeproj */,
			);
			name = openFrameworks;
			sourceTree = "<group>";
		};
/* End PBXGroup section */

/* Begin PBXNativeTarget section */
		E4B69B5A0A3A1756003C02F2 /* vela2017 */ = {
			isa = PBXNativeTarget;
			buildConfigurationList = E4B69B5F0A3A1757003C02F2 /* Build configuration list for PBXNativeTarget "vela2017" */;
			buildPhases = (
				E4B69B580A3A1756003C02F2 /* Sources */,
				E4B69B590A3A1756003C02F2 /* Frameworks */,
				E4B6FFFD0C3F9AB9008CF71C /* ShellScript */,
				E4C2427710CC5ABF004149E2 /* CopyFiles */,
			);
			buildRules = (
			);
			dependencies = (
				E4EEB9AC138B136A00A80321 /* PBXTargetDependency */,
			);
			name = vela2017;
			productName = myOFApp;
			productReference = E4B69B5B0A3A1756003C02F2 /* vela2017Debug.app */;
			productType = "com.apple.product-type.application";
		};
/* End PBXNativeTarget section */

/* Begin PBXProject section */
		E4B69B4C0A3A1720003C02F2 /* Project object */ = {
			isa = PBXProject;
			attributes = {
				LastUpgradeCheck = 0600;
			};
			buildConfigurationList = E4B69B4D0A3A1720003C02F2 /* Build configuration list for PBXProject "vela2017" */;
			compatibilityVersion = "Xcode 3.2";
			developmentRegion = English;
			hasScannedForEncodings = 0;
			knownRegions = (
				English,
				Japanese,
				French,
				German,
			);
			mainGroup = E4B69B4A0A3A1720003C02F2;
			productRefGroup = E4B69B4A0A3A1720003C02F2;
			projectDirPath = "";
			projectReferences = (
				{
					ProductGroup = E4328144138ABC890047C5CB /* Products */;
					ProjectRef = E4328143138ABC890047C5CB /* openFrameworksLib.xcodeproj */;
				},
			);
			projectRoot = "";
			targets = (
				E4B69B5A0A3A1756003C02F2 /* vela2017 */,
			);
		};
/* End PBXProject section */

/* Begin PBXReferenceProxy section */
		E4328148138ABC890047C5CB /* openFrameworksDebug.a */ = {
			isa = PBXReferenceProxy;
			fileType = archive.ar;
			path = openFrameworksDebug.a;
			remoteRef = E4328147138ABC890047C5CB /* PBXContainerItemProxy */;
			sourceTree = BUILT_PRODUCTS_DIR;
		};
/* End PBXReferenceProxy section */

/* Begin PBXShellScriptBuildPhase section */
		E4B6FFFD0C3F9AB9008CF71C /* ShellScript */ = {
			isa = PBXShellScriptBuildPhase;
			buildActionMask = 2147483647;
			files = (
			);
			inputPaths = (
			);
			outputPaths = (
			);
			runOnlyForDeploymentPostprocessing = 0;
			shellPath = /bin/sh;
			shellScript = "mkdir -p \"$TARGET_BUILD_DIR/$PRODUCT_NAME.app/Contents/Resources/\"\n# Copy default icon file into App/Resources\nrsync -aved \"$ICON_FILE\" \"$TARGET_BUILD_DIR/$PRODUCT_NAME.app/Contents/Resources/\"\n# Copy libfmod and change install directory for fmod to run\nrsync -aved ../../of_v0.9.8_osx_release/libs/fmodex/lib/osx/libfmodex.dylib \"$TARGET_BUILD_DIR/$PRODUCT_NAME.app/Contents/Frameworks/\";\ninstall_name_tool -change @executable_path/libfmodex.dylib @executable_path/../Frameworks/libfmodex.dylib \"$TARGET_BUILD_DIR/$PRODUCT_NAME.app/Contents/MacOS/$PRODUCT_NAME\";\n# Copy GLUT framework (must remove for AppStore submissions)\nrsync -aved ../../of_v0.9.8_osx_release/libs/glut/lib/osx/GLUT.framework \"$TARGET_BUILD_DIR/$PRODUCT_NAME.app/Contents/Frameworks/\"\n";
		};
/* End PBXShellScriptBuildPhase section */

/* Begin PBXSourcesBuildPhase section */
		E4B69B580A3A1756003C02F2 /* Sources */ = {
			isa = PBXSourcesBuildPhase;
			buildActionMask = 2147483647;
			files = (
				E4B69E200A3A1BDC003C02F2 /* main.cpp in Sources */,
				7DB90F051E7B6799000978EC /* AutoFlickerInput.cpp in Sources */,
				7D42EEED1EA305DD00383C3C /* Config.cpp in Sources */,
				7DA246DA1EABB5000077EB85 /* MouseInputFactory.cpp in Sources */,
				7DB3F7DB1E8DD1C90025498A /* SystemInfo.cpp in Sources */,
				7DAA8B611E776C62005385DD /* Clips.cpp in Sources */,
				7DE285411EB00CE1005C3777 /* ValueHistories.cpp in Sources */,
				7D65E7BF1EB4FA950087018A /* HistorySettings.cpp in Sources */,
				7D65E7B81EB4E5F40087018A /* Thresholds.cpp in Sources */,
				7DE285441EB01506005C3777 /* ValueHistoriesLayer.cpp in Sources */,
				7D11675C1EAD7D8E00098A21 /* MovieOMXPlayer.cpp in Sources */,
				7DABC4181E9AB847006BEB5F /* ValueInput.cpp in Sources */,
				7DAA8B581E776875005385DD /* InfoLayer.cpp in Sources */,
				7D42EEE21EA2E98600383C3C /* AutoFlickerInputFactory.cpp in Sources */,
				7D60A9121E9961F3009FF4F2 /* MultiInput.cpp in Sources */,
				7D42A3BE1E78C9C80097B54C /* InputIntensity.cpp in Sources */,
				7D42EEF11EA315DF00383C3C /* GeneralSettings.cpp in Sources */,
				7DFE1C381E79D14B003ECE97 /* Levels.cpp in Sources */,
				7D58DF111EA286AC00BDFA7F /* MouseInput.cpp in Sources */,
				7DB90EF91E7B4D16000978EC /* ArduinoInput.cpp in Sources */,
				7D4C8CA41EAD7212009076C4 /* MovieOfVideoPlayer.cpp in Sources */,
				7DB94A611EB14CF1008ADD74 /* CalibratedValueInput.cpp in Sources */,
				7DB90EFF1E7B5D32000978EC /* KeyboardInput.cpp in Sources */,
				7DAA8B5C1E776AD4005385DD /* ClipLayer.cpp in Sources */,
				7D42EEE41EA2F45100383C3C /* DataInputFactory.cpp in Sources */,
				7DA246DC1EABBAB70077EB85 /* CalibrationSettings.cpp in Sources */,
				7D4C8CA71EAD7619009076C4 /* MovieFactory.cpp in Sources */,
				7DB94A6B1EB170F4008ADD74 /* ThresholdsDataInputFactory.cpp in Sources */,
				7DB90EF61E7B4885000978EC /* ClipLayers.cpp in Sources */,
				7DB94A6D1EB1F7BE008ADD74 /* Layer.cpp in Sources */,
				7DE2854A1EB021D8005C3777 /* ValueHistory.cpp in Sources */,
				7D0A2A091E9452E100637568 /* LevelSettings.cpp in Sources */,
				7D7245AE1E7DA83F006E5653 /* Clip.cpp in Sources */,
				7D42EEE71EA2F6BB00383C3C /* ArduinoInputFactory.cpp in Sources */,
				7DAA8B4B1E77665F005385DD /* CandleApp.cpp in Sources */,
				7D64097F1EB60DB7003C9903 /* Arduino.cpp in Sources */,
				7DAA8B4F1E7767C6005385DD /* Util.cpp in Sources */,
			);
			runOnlyForDeploymentPostprocessing = 0;
		};
/* End PBXSourcesBuildPhase section */

/* Begin PBXTargetDependency section */
		E4EEB9AC138B136A00A80321 /* PBXTargetDependency */ = {
			isa = PBXTargetDependency;
			name = openFrameworks;
			targetProxy = E4EEB9AB138B136A00A80321 /* PBXContainerItemProxy */;
		};
/* End PBXTargetDependency section */

/* Begin XCBuildConfiguration section */
		E4B69B4E0A3A1720003C02F2 /* Debug */ = {
			isa = XCBuildConfiguration;
			baseConfigurationReference = E4EB6923138AFD0F00A09F29 /* Project.xcconfig */;
			buildSettings = {
				CONFIGURATION_BUILD_DIR = "$(SRCROOT)/bin/";
				COPY_PHASE_STRIP = NO;
				DEAD_CODE_STRIPPING = YES;
				GCC_AUTO_VECTORIZATION = YES;
				GCC_ENABLE_SSE3_EXTENSIONS = YES;
				GCC_ENABLE_SUPPLEMENTAL_SSE3_INSTRUCTIONS = YES;
				GCC_INLINES_ARE_PRIVATE_EXTERN = NO;
				GCC_OPTIMIZATION_LEVEL = 0;
				GCC_SYMBOLS_PRIVATE_EXTERN = NO;
				GCC_WARN_ABOUT_DEPRECATED_FUNCTIONS = YES;
				GCC_WARN_ABOUT_INVALID_OFFSETOF_MACRO = NO;
				GCC_WARN_ALLOW_INCOMPLETE_PROTOCOL = NO;
				GCC_WARN_UNINITIALIZED_AUTOS = NO;
				GCC_WARN_UNUSED_VALUE = NO;
				GCC_WARN_UNUSED_VARIABLE = NO;
				HEADER_SEARCH_PATHS = (
					"$(OF_CORE_HEADERS)",
					src,
					../../of_v0.9.8_osx_release/addons/ofxOMXPlayer/libs,
					../../of_v0.9.8_osx_release/addons/ofxOMXPlayer/src,
				);
				MACOSX_DEPLOYMENT_TARGET = 10.8;
				ONLY_ACTIVE_ARCH = YES;
				OTHER_CPLUSPLUSFLAGS = (
					"-D__MACOSX_CORE__",
					"-mtune=native",
				);
				SDKROOT = macosx;
			};
			name = Debug;
		};
		E4B69B4F0A3A1720003C02F2 /* Release */ = {
			isa = XCBuildConfiguration;
			baseConfigurationReference = E4EB6923138AFD0F00A09F29 /* Project.xcconfig */;
			buildSettings = {
				CONFIGURATION_BUILD_DIR = "$(SRCROOT)/bin/";
				COPY_PHASE_STRIP = NO;
				DEAD_CODE_STRIPPING = YES;
				GCC_AUTO_VECTORIZATION = YES;
				GCC_ENABLE_SSE3_EXTENSIONS = YES;
				GCC_ENABLE_SUPPLEMENTAL_SSE3_INSTRUCTIONS = YES;
				GCC_INLINES_ARE_PRIVATE_EXTERN = NO;
				GCC_OPTIMIZATION_LEVEL = 3;
				GCC_SYMBOLS_PRIVATE_EXTERN = NO;
				GCC_UNROLL_LOOPS = YES;
				GCC_WARN_ABOUT_DEPRECATED_FUNCTIONS = YES;
				GCC_WARN_ABOUT_INVALID_OFFSETOF_MACRO = NO;
				GCC_WARN_ALLOW_INCOMPLETE_PROTOCOL = NO;
				GCC_WARN_UNINITIALIZED_AUTOS = NO;
				GCC_WARN_UNUSED_VALUE = NO;
				GCC_WARN_UNUSED_VARIABLE = NO;
				HEADER_SEARCH_PATHS = (
					"$(OF_CORE_HEADERS)",
					src,
					../../of_v0.9.8_osx_release/addons/ofxOMXPlayer/libs,
					../../of_v0.9.8_osx_release/addons/ofxOMXPlayer/src,
				);
				MACOSX_DEPLOYMENT_TARGET = 10.8;
				OTHER_CPLUSPLUSFLAGS = (
					"-D__MACOSX_CORE__",
					"-mtune=native",
				);
				SDKROOT = macosx;
			};
			name = Release;
		};
		E4B69B600A3A1757003C02F2 /* Debug */ = {
			isa = XCBuildConfiguration;
			baseConfigurationReference = E4EB6923138AFD0F00A09F29 /* Project.xcconfig */;
			buildSettings = {
				COMBINE_HIDPI_IMAGES = YES;
				COPY_PHASE_STRIP = NO;
				FRAMEWORK_SEARCH_PATHS = (
					"$(inherited)",
					"$(FRAMEWORK_SEARCH_PATHS_QUOTED_FOR_TARGET_1)",
				);
				FRAMEWORK_SEARCH_PATHS_QUOTED_FOR_TARGET_1 = "\"$(SRCROOT)/../../of_v0.9.8_osx_release/libs/glut/lib/osx\"";
				GCC_DYNAMIC_NO_PIC = NO;
				GCC_GENERATE_DEBUGGING_SYMBOLS = YES;
				GCC_MODEL_TUNING = NONE;
				HEADER_SEARCH_PATHS = (
					"$(OF_CORE_HEADERS)",
					src,
					../../of_v0.9.8_osx_release/addons/ofxOMXPlayer/libs,
					../../of_v0.9.8_osx_release/addons/ofxOMXPlayer/src,
				);
				ICON = "$(ICON_NAME_DEBUG)";
				ICON_FILE = "$(ICON_FILE_PATH)$(ICON)";
				INFOPLIST_FILE = "openFrameworks-Info.plist";
				INSTALL_PATH = /Applications;
				LIBRARY_SEARCH_PATHS = "$(inherited)";
				PRODUCT_NAME = "$(TARGET_NAME)Debug";
				WRAPPER_EXTENSION = app;
			};
			name = Debug;
		};
		E4B69B610A3A1757003C02F2 /* Release */ = {
			isa = XCBuildConfiguration;
			baseConfigurationReference = E4EB6923138AFD0F00A09F29 /* Project.xcconfig */;
			buildSettings = {
				COMBINE_HIDPI_IMAGES = YES;
				COPY_PHASE_STRIP = YES;
				FRAMEWORK_SEARCH_PATHS = (
					"$(inherited)",
					"$(FRAMEWORK_SEARCH_PATHS_QUOTED_FOR_TARGET_1)",
				);
				FRAMEWORK_SEARCH_PATHS_QUOTED_FOR_TARGET_1 = "\"$(SRCROOT)/../../of_v0.9.8_osx_release/libs/glut/lib/osx\"";
				GCC_GENERATE_DEBUGGING_SYMBOLS = YES;
				GCC_MODEL_TUNING = NONE;
				HEADER_SEARCH_PATHS = (
					"$(OF_CORE_HEADERS)",
					src,
					../../of_v0.9.8_osx_release/addons/ofxOMXPlayer/libs,
					../../of_v0.9.8_osx_release/addons/ofxOMXPlayer/src,
				);
				ICON = "$(ICON_NAME_RELEASE)";
				ICON_FILE = "$(ICON_FILE_PATH)$(ICON)";
				INFOPLIST_FILE = "openFrameworks-Info.plist";
				INSTALL_PATH = /Applications;
				LIBRARY_SEARCH_PATHS = "$(inherited)";
				PRODUCT_NAME = "$(TARGET_NAME)";
				WRAPPER_EXTENSION = app;
				baseConfigurationReference = E4EB6923138AFD0F00A09F29;
			};
			name = Release;
		};
/* End XCBuildConfiguration section */

/* Begin XCConfigurationList section */
		E4B69B4D0A3A1720003C02F2 /* Build configuration list for PBXProject "vela2017" */ = {
			isa = XCConfigurationList;
			buildConfigurations = (
				E4B69B4E0A3A1720003C02F2 /* Debug */,
				E4B69B4F0A3A1720003C02F2 /* Release */,
			);
			defaultConfigurationIsVisible = 0;
			defaultConfigurationName = Release;
		};
		E4B69B5F0A3A1757003C02F2 /* Build configuration list for PBXNativeTarget "vela2017" */ = {
			isa = XCConfigurationList;
			buildConfigurations = (
				E4B69B600A3A1757003C02F2 /* Debug */,
				E4B69B610A3A1757003C02F2 /* Release */,
			);
			defaultConfigurationIsVisible = 0;
			defaultConfigurationName = Release;
		};
/* End XCConfigurationList section */
	};
	rootObject = E4B69B4C0A3A1720003C02F2 /* Project object */;
}
